
Microsoft Visual Studio Solution File, Format Version 12.00
# Visual Studio Version 16
VisualStudioVersion = 25.0.1700.0
MinimumVisualStudioVersion = 10.0.40219.1
Project("{FAE04EC0-301F-11D3-BF4B-00C04F79EFBC}") = "CrapsGameoYohannes", "CrapsGameoYohannes\CrapsGameoYohannes.csproj", "{298530E0-C7B1-43F1-95BE-341B0A5B83A0}"
EndProject
Global
	GlobalSection(SolutionConfigurationPlatforms) = preSolution
		Debug|Any CPU = Debug|Any CPU
		Release|Any CPU = Release|Any CPU
	EndGlobalSection
	GlobalSection(ProjectConfigurationPlatforms) = postSolution
		{298530E0-C7B1-43F1-95BE-341B0A5B83A0}.Debug|Any CPU.ActiveCfg = Debug|Any CPU
		{298530E0-C7B1-43F1-95BE-341B0A5B83A0}.Debug|Any CPU.Build.0 = Debug|Any CPU
		{298530E0-C7B1-43F1-95BE-341B0A5B83A0}.Release|Any CPU.ActiveCfg = Release|Any CPU
		{298530E0-C7B1-43F1-95BE-341B0A5B83A0}.Release|Any CPU.Build.0 = Release|Any CPU
	EndGlobalSection
	GlobalSection(SolutionProperties) = preSolution
		HideSolutionNode = FALSE
	EndGlobalSection
	GlobalSection(ExtensibilityGlobals) = postSolution
		SolutionGuid = {00D1453F-EBBB-41C8-AE67-4F51B8D18028}
	EndGlobalSection
EndGlobal
